
Microsoft Visual Studio Solution File, Format Version 12.00
Project("{FAE04EC0-301F-11D3-BF4B-00C04F79EFBC}") = "C-Sharp-Task8", "C-Sharp-Task8.csproj", "{1FC122F2-0882-40B8-A158-3B7D9F4F88F4}"
EndProject
Global
	GlobalSection(SolutionConfigurationPlatforms) = preSolution
		Debug|Any CPU = Debug|Any CPU
		Release|Any CPU = Release|Any CPU
	EndGlobalSection
	GlobalSection(ProjectConfigurationPlatforms) = postSolution
		{1FC122F2-0882-40B8-A158-3B7D9F4F88F4}.Debug|Any CPU.ActiveCfg = Debug|Any CPU
		{1FC122F2-0882-40B8-A158-3B7D9F4F88F4}.Debug|Any CPU.Build.0 = Debug|Any CPU
		{1FC122F2-0882-40B8-A158-3B7D9F4F88F4}.Release|Any CPU.ActiveCfg = Release|Any CPU
		{1FC122F2-0882-40B8-A158-3B7D9F4F88F4}.Release|Any CPU.Build.0 = Release|Any CPU
	EndGlobalSection
EndGlobal
